
Microsoft Visual Studio Solution File, Format Version 12.00
# Visual Studio Version 17
VisualStudioVersion = 17.9.34728.123
MinimumVisualStudioVersion = 10.0.40219.1
Project("{FAE04EC0-301F-11D3-BF4B-00C04F79EFBC}") = "FTestApp", "FTestApp\FTestApp.csproj", "{84C204D3-B580-46DD-AA7E-4E6AA565A882}"
EndProject
Global
	GlobalSection(SolutionConfigurationPlatforms) = preSolution
		Debug|Any CPU = Debug|Any CPU
		Release|Any CPU = Release|Any CPU
	EndGlobalSection
	GlobalSection(ProjectConfigurationPlatforms) = postSolution
		{84C204D3-B580-46DD-AA7E-4E6AA565A882}.Debug|Any CPU.ActiveCfg = Debug|Any CPU
		{84C204D3-B580-46DD-AA7E-4E6AA565A882}.Debug|Any CPU.Build.0 = Debug|Any CPU
		{84C204D3-B580-46DD-AA7E-4E6AA565A882}.Release|Any CPU.ActiveCfg = Release|Any CPU
		{84C204D3-B580-46DD-AA7E-4E6AA565A882}.Release|Any CPU.Build.0 = Release|Any CPU
	EndGlobalSection
	GlobalSection(SolutionProperties) = preSolution
		HideSolutionNode = FALSE
	EndGlobalSection
	GlobalSection(ExtensibilityGlobals) = postSolution
		SolutionGuid = {4C0CD5E5-9E8B-4594-8FC8-32BF82B25605}
	EndGlobalSection
EndGlobal
